
Microsoft Visual Studio Solution File, Format Version 12.00
# Visual Studio Version 17
VisualStudioVersion = 17.4.33213.308
MinimumVisualStudioVersion = 10.0.40219.1
Project("{FAE04EC0-301F-11D3-BF4B-00C04F79EFBC}") = "KdTools", "KdTools\KdTools.csproj", "{2368C83D-E54C-419F-AA04-BB8A921C97E3}"
EndProject
Global
	GlobalSection(SolutionConfigurationPlatforms) = preSolution
		R19|Any CPU = R19|Any CPU
		R19|x64 = R19|x64
		R20|Any CPU = R20|Any CPU
		R20|x64 = R20|x64
		R21|Any CPU = R21|Any CPU
		R21|x64 = R21|x64
		R22|Any CPU = R22|Any CPU
		R22|x64 = R22|x64
		R23|Any CPU = R23|Any CPU
		R23|x64 = R23|x64
	EndGlobalSection
	GlobalSection(ProjectConfigurationPlatforms) = postSolution
		{2368C83D-E54C-419F-AA04-BB8A921C97E3}.R19|Any CPU.ActiveCfg = R19|Any CPU
		{2368C83D-E54C-419F-AA04-BB8A921C97E3}.R19|Any CPU.Build.0 = R19|Any CPU
		{2368C83D-E54C-419F-AA04-BB8A921C97E3}.R19|x64.ActiveCfg = R19|x64
		{2368C83D-E54C-419F-AA04-BB8A921C97E3}.R19|x64.Build.0 = R19|x64
		{2368C83D-E54C-419F-AA04-BB8A921C97E3}.R19|x64.Deploy.0 = R19|x64
		{2368C83D-E54C-419F-AA04-BB8A921C97E3}.R20|Any CPU.ActiveCfg = R20|Any CPU
		{2368C83D-E54C-419F-AA04-BB8A921C97E3}.R20|Any CPU.Build.0 = R20|Any CPU
		{2368C83D-E54C-419F-AA04-BB8A921C97E3}.R20|x64.ActiveCfg = R20|x64
		{2368C83D-E54C-419F-AA04-BB8A921C97E3}.R20|x64.Build.0 = R20|x64
		{2368C83D-E54C-419F-AA04-BB8A921C97E3}.R20|x64.Deploy.0 = R20|x64
		{2368C83D-E54C-419F-AA04-BB8A921C97E3}.R21|Any CPU.ActiveCfg = R21|Any CPU
		{2368C83D-E54C-419F-AA04-BB8A921C97E3}.R21|Any CPU.Build.0 = R21|Any CPU
		{2368C83D-E54C-419F-AA04-BB8A921C97E3}.R21|x64.ActiveCfg = R21|x64
		{2368C83D-E54C-419F-AA04-BB8A921C97E3}.R21|x64.Build.0 = R21|x64
		{2368C83D-E54C-419F-AA04-BB8A921C97E3}.R21|x64.Deploy.0 = R21|x64
		{2368C83D-E54C-419F-AA04-BB8A921C97E3}.R22|Any CPU.ActiveCfg = R22|Any CPU
		{2368C83D-E54C-419F-AA04-BB8A921C97E3}.R22|Any CPU.Build.0 = R22|Any CPU
		{2368C83D-E54C-419F-AA04-BB8A921C97E3}.R22|x64.ActiveCfg = R22|x64
		{2368C83D-E54C-419F-AA04-BB8A921C97E3}.R22|x64.Build.0 = R22|x64
		{2368C83D-E54C-419F-AA04-BB8A921C97E3}.R22|x64.Deploy.0 = R22|x64
		{2368C83D-E54C-419F-AA04-BB8A921C97E3}.R23|Any CPU.ActiveCfg = R23|Any CPU
		{2368C83D-E54C-419F-AA04-BB8A921C97E3}.R23|Any CPU.Build.0 = R23|Any CPU
		{2368C83D-E54C-419F-AA04-BB8A921C97E3}.R23|x64.ActiveCfg = R23|x64
		{2368C83D-E54C-419F-AA04-BB8A921C97E3}.R23|x64.Build.0 = R23|x64
		{2368C83D-E54C-419F-AA04-BB8A921C97E3}.R23|x64.Deploy.0 = R23|x64
	EndGlobalSection
	GlobalSection(SolutionProperties) = preSolution
		HideSolutionNode = FALSE
	EndGlobalSection
	GlobalSection(ExtensibilityGlobals) = postSolution
		SolutionGuid = {3122E463-0AF6-4C26-98EE-1ECB0D70EAAE}
	EndGlobalSection
EndGlobal
